
Microsoft Visual Studio Solution File, Format Version 12.00
# Visual Studio Version 17
VisualStudioVersion = 17.6.33829.357
MinimumVisualStudioVersion = 10.0.40219.1
Project("{9A19103F-16F7-4668-BE54-9A1E7A4F7556}") = "SpaceInvadersClone", "SpaceInvadersClone.csproj", "{C7F94490-26D3-4305-AA14-5CB46C0CD30E}"
EndProject
Global
	GlobalSection(SolutionConfigurationPlatforms) = preSolution
		Debug|Any CPU = Debug|Any CPU
		Release|Any CPU = Release|Any CPU
	EndGlobalSection
	GlobalSection(ProjectConfigurationPlatforms) = postSolution
		{C7F94490-26D3-4305-AA14-5CB46C0CD30E}.Debug|Any CPU.ActiveCfg = Debug|Any CPU
		{C7F94490-26D3-4305-AA14-5CB46C0CD30E}.Debug|Any CPU.Build.0 = Debug|Any CPU
		{C7F94490-26D3-4305-AA14-5CB46C0CD30E}.Release|Any CPU.ActiveCfg = Release|Any CPU
		{C7F94490-26D3-4305-AA14-5CB46C0CD30E}.Release|Any CPU.Build.0 = Release|Any CPU
	EndGlobalSection
	GlobalSection(SolutionProperties) = preSolution
		HideSolutionNode = FALSE
	EndGlobalSection
	GlobalSection(ExtensibilityGlobals) = postSolution
		SolutionGuid = {10C4DA7F-C99A-4BF8-933B-AE03EE6708FE}
	EndGlobalSection
EndGlobal
